
Microsoft Visual Studio Solution File, Format Version 12.00
# Visual Studio Version 16
VisualStudioVersion = 16.0.30320.27
MinimumVisualStudioVersion = 10.0.40219.1
Project("{FAE04EC0-301F-11D3-BF4B-00C04F79EFBC}") = "epifania", "epifania\epifania.csproj", "{A833D552-517C-42DF-B263-E1C3C13D29D2}"
EndProject
Global
	GlobalSection(SolutionConfigurationPlatforms) = preSolution
		Debug|Any CPU = Debug|Any CPU
		Release|Any CPU = Release|Any CPU
	EndGlobalSection
	GlobalSection(ProjectConfigurationPlatforms) = postSolution
		{A833D552-517C-42DF-B263-E1C3C13D29D2}.Debug|Any CPU.ActiveCfg = Debug|Any CPU
		{A833D552-517C-42DF-B263-E1C3C13D29D2}.Debug|Any CPU.Build.0 = Debug|Any CPU
		{A833D552-517C-42DF-B263-E1C3C13D29D2}.Release|Any CPU.ActiveCfg = Release|Any CPU
		{A833D552-517C-42DF-B263-E1C3C13D29D2}.Release|Any CPU.Build.0 = Release|Any CPU
	EndGlobalSection
	GlobalSection(SolutionProperties) = preSolution
		HideSolutionNode = FALSE
	EndGlobalSection
	GlobalSection(ExtensibilityGlobals) = postSolution
		SolutionGuid = {952CC121-FF83-40AB-8329-18D39FAEFF57}
	EndGlobalSection
EndGlobal
