
Microsoft Visual Studio Solution File, Format Version 12.00
# Visual Studio Version 16
VisualStudioVersion = 16.0.30320.27
MinimumVisualStudioVersion = 10.0.40219.1
Project("{9A19103F-16F7-4668-BE54-9A1E7A4F7556}") = "epifania", "epifania\epifania.csproj", "{A833D552-517C-42DF-B263-E1C3C13D29D2}"
EndProject
Project("{00D1A9C2-B5F0-4AF3-8072-F6C62B433612}") = "epifaniaDB", "epifaniaDB\epifaniaDB.sqlproj", "{01C915F9-2D9D-46EA-A79A-D56D3D71348B}"
EndProject
Project("{FAE04EC0-301F-11D3-BF4B-00C04F79EFBC}") = "epifaniaData", "epifaniaData\epifaniaData.csproj", "{54A6E1D6-4A1D-4180-B50D-826D6FB5EF3E}"
EndProject
Global
	GlobalSection(SolutionConfigurationPlatforms) = preSolution
		Debug|Any CPU = Debug|Any CPU
		Release|Any CPU = Release|Any CPU
	EndGlobalSection
	GlobalSection(ProjectConfigurationPlatforms) = postSolution
		{A833D552-517C-42DF-B263-E1C3C13D29D2}.Debug|Any CPU.ActiveCfg = Debug|Any CPU
		{A833D552-517C-42DF-B263-E1C3C13D29D2}.Debug|Any CPU.Build.0 = Debug|Any CPU
		{A833D552-517C-42DF-B263-E1C3C13D29D2}.Release|Any CPU.ActiveCfg = Release|Any CPU
		{A833D552-517C-42DF-B263-E1C3C13D29D2}.Release|Any CPU.Build.0 = Release|Any CPU
		{01C915F9-2D9D-46EA-A79A-D56D3D71348B}.Debug|Any CPU.ActiveCfg = Debug|Any CPU
		{01C915F9-2D9D-46EA-A79A-D56D3D71348B}.Debug|Any CPU.Build.0 = Debug|Any CPU
		{01C915F9-2D9D-46EA-A79A-D56D3D71348B}.Debug|Any CPU.Deploy.0 = Debug|Any CPU
		{01C915F9-2D9D-46EA-A79A-D56D3D71348B}.Release|Any CPU.ActiveCfg = Release|Any CPU
		{01C915F9-2D9D-46EA-A79A-D56D3D71348B}.Release|Any CPU.Build.0 = Release|Any CPU
		{01C915F9-2D9D-46EA-A79A-D56D3D71348B}.Release|Any CPU.Deploy.0 = Release|Any CPU
		{54A6E1D6-4A1D-4180-B50D-826D6FB5EF3E}.Debug|Any CPU.ActiveCfg = Debug|Any CPU
		{54A6E1D6-4A1D-4180-B50D-826D6FB5EF3E}.Debug|Any CPU.Build.0 = Debug|Any CPU
		{54A6E1D6-4A1D-4180-B50D-826D6FB5EF3E}.Release|Any CPU.ActiveCfg = Release|Any CPU
		{54A6E1D6-4A1D-4180-B50D-826D6FB5EF3E}.Release|Any CPU.Build.0 = Release|Any CPU
	EndGlobalSection
	GlobalSection(SolutionProperties) = preSolution
		HideSolutionNode = FALSE
	EndGlobalSection
	GlobalSection(ExtensibilityGlobals) = postSolution
		SolutionGuid = {952CC121-FF83-40AB-8329-18D39FAEFF57}
	EndGlobalSection
EndGlobal
